// !$*UTF8*$!
{
	archiveVersion = 1;
	classes = {
	};
	objectVersion = 46;
	objects = {

/* Begin PBXBuildFile section */
		9ABED5F31923F8340070BC20 /* Foundation.framework in Frameworks */ = {isa = PBXBuildFile; fileRef = 9ABED5F21923F8340070BC20 /* Foundation.framework */; };
		9ABED5F51923F8340070BC20 /* CoreGraphics.framework in Frameworks */ = {isa = PBXBuildFile; fileRef = 9ABED5F41923F8340070BC20 /* CoreGraphics.framework */; };
		9ABED5F71923F8340070BC20 /* UIKit.framework in Frameworks */ = {isa = PBXBuildFile; fileRef = 9ABED5F61923F8340070BC20 /* UIKit.framework */; };
		9ABED5FD1923F8340070BC20 /* InfoPlist.strings in Resources */ = {isa = PBXBuildFile; fileRef = 9ABED5FB1923F8340070BC20 /* InfoPlist.strings */; };
		9ABED5FF1923F8340070BC20 /* main.m in Sources */ = {isa = PBXBuildFile; fileRef = 9ABED5FE1923F8340070BC20 /* main.m */; };
		9ABED6031923F8340070BC20 /* AppDelegate.m in Sources */ = {isa = PBXBuildFile; fileRef = 9ABED6021923F8340070BC20 /* AppDelegate.m */; };
		9ABED6051923F8340070BC20 /* Images.xcassets in Resources */ = {isa = PBXBuildFile; fileRef = 9ABED6041923F8340070BC20 /* Images.xcassets */; };
		9ABED6251923F8850070BC20 /* MainStoryboard.storyboard in Resources */ = {isa = PBXBuildFile; fileRef = 9ABED6241923F8850070BC20 /* MainStoryboard.storyboard */; };
		9ABED62B19240C230070BC20 /* XCTest.framework in Frameworks */ = {isa = PBXBuildFile; fileRef = 9ABED60B1923F8340070BC20 /* XCTest.framework */; };
		9ABED62C19240C230070BC20 /* Foundation.framework in Frameworks */ = {isa = PBXBuildFile; fileRef = 9ABED5F21923F8340070BC20 /* Foundation.framework */; };
		9ABED62D19240C230070BC20 /* UIKit.framework in Frameworks */ = {isa = PBXBuildFile; fileRef = 9ABED5F61923F8340070BC20 /* UIKit.framework */; };
		9ABED63319240C230070BC20 /* InfoPlist.strings in Resources */ = {isa = PBXBuildFile; fileRef = 9ABED63119240C230070BC20 /* InfoPlist.strings */; };
		9ABED63519240C230070BC20 /* FunctionalTests.m in Sources */ = {isa = PBXBuildFile; fileRef = 9ABED63419240C230070BC20 /* FunctionalTests.m */; };
/* End PBXBuildFile section */

/* Begin PBXContainerItemProxy section */
		9ABED63719240C230070BC20 /* PBXContainerItemProxy */ = {
			isa = PBXContainerItemProxy;
			containerPortal = 9ABED5E71923F8340070BC20 /* Project object */;
			proxyType = 1;
			remoteGlobalIDString = 9ABED5EE1923F8340070BC20;
			remoteInfo = ContinuousIntegrationAtDevCamp;
		};
/* End PBXContainerItemProxy section */

/* Begin PBXFileReference section */
		9ABED5EF1923F8340070BC20 /* ContinuousIntegrationAtDevCamp.app */ = {isa = PBXFileReference; explicitFileType = wrapper.application; includeInIndex = 0; path = ContinuousIntegrationAtDevCamp.app; sourceTree = BUILT_PRODUCTS_DIR; };
		9ABED5F21923F8340070BC20 /* Foundation.framework */ = {isa = PBXFileReference; lastKnownFileType = wrapper.framework; name = Foundation.framework; path = System/Library/Frameworks/Foundation.framework; sourceTree = SDKROOT; };
		9ABED5F41923F8340070BC20 /* CoreGraphics.framework */ = {isa = PBXFileReference; lastKnownFileType = wrapper.framework; name = CoreGraphics.framework; path = System/Library/Frameworks/CoreGraphics.framework; sourceTree = SDKROOT; };
		9ABED5F61923F8340070BC20 /* UIKit.framework */ = {isa = PBXFileReference; lastKnownFileType = wrapper.framework; name = UIKit.framework; path = System/Library/Frameworks/UIKit.framework; sourceTree = SDKROOT; };
		9ABED5FA1923F8340070BC20 /* ContinuousIntegrationAtDevCamp-Info.plist */ = {isa = PBXFileReference; lastKnownFileType = text.plist.xml; path = "ContinuousIntegrationAtDevCamp-Info.plist"; sourceTree = "<group>"; };
		9ABED5FC1923F8340070BC20 /* en */ = {isa = PBXFileReference; lastKnownFileType = text.plist.strings; name = en; path = en.lproj/InfoPlist.strings; sourceTree = "<group>"; };
		9ABED5FE1923F8340070BC20 /* main.m */ = {isa = PBXFileReference; lastKnownFileType = sourcecode.c.objc; path = main.m; sourceTree = "<group>"; };
		9ABED6001923F8340070BC20 /* ContinuousIntegrationAtDevCamp-Prefix.pch */ = {isa = PBXFileReference; lastKnownFileType = sourcecode.c.h; path = "ContinuousIntegrationAtDevCamp-Prefix.pch"; sourceTree = "<group>"; };
		9ABED6011923F8340070BC20 /* AppDelegate.h */ = {isa = PBXFileReference; lastKnownFileType = sourcecode.c.h; path = AppDelegate.h; sourceTree = "<group>"; };
		9ABED6021923F8340070BC20 /* AppDelegate.m */ = {isa = PBXFileReference; lastKnownFileType = sourcecode.c.objc; path = AppDelegate.m; sourceTree = "<group>"; };
		9ABED6041923F8340070BC20 /* Images.xcassets */ = {isa = PBXFileReference; lastKnownFileType = folder.assetcatalog; path = Images.xcassets; sourceTree = "<group>"; };
		9ABED60B1923F8340070BC20 /* XCTest.framework */ = {isa = PBXFileReference; lastKnownFileType = wrapper.framework; name = XCTest.framework; path = Library/Frameworks/XCTest.framework; sourceTree = DEVELOPER_DIR; };
		9ABED6241923F8850070BC20 /* MainStoryboard.storyboard */ = {isa = PBXFileReference; fileEncoding = 4; lastKnownFileType = file.storyboard; path = MainStoryboard.storyboard; sourceTree = "<group>"; };
		9ABED62A19240C230070BC20 /* FunctionalTests.xctest */ = {isa = PBXFileReference; explicitFileType = wrapper.cfbundle; includeInIndex = 0; path = FunctionalTests.xctest; sourceTree = BUILT_PRODUCTS_DIR; };
		9ABED63019240C230070BC20 /* FunctionalTests-Info.plist */ = {isa = PBXFileReference; lastKnownFileType = text.plist.xml; path = "FunctionalTests-Info.plist"; sourceTree = "<group>"; };
		9ABED63219240C230070BC20 /* en */ = {isa = PBXFileReference; lastKnownFileType = text.plist.strings; name = en; path = en.lproj/InfoPlist.strings; sourceTree = "<group>"; };
		9ABED63419240C230070BC20 /* FunctionalTests.m */ = {isa = PBXFileReference; lastKnownFileType = sourcecode.c.objc; path = FunctionalTests.m; sourceTree = "<group>"; };
		9ABED63619240C230070BC20 /* FunctionalTests-Prefix.pch */ = {isa = PBXFileReference; lastKnownFileType = sourcecode.c.h; path = "FunctionalTests-Prefix.pch"; sourceTree = "<group>"; };
/* End PBXFileReference section */

/* Begin PBXFrameworksBuildPhase section */
		9ABED5EC1923F8340070BC20 /* Frameworks */ = {
			isa = PBXFrameworksBuildPhase;
			buildActionMask = 2147483647;
			files = (
				9ABED5F51923F8340070BC20 /* CoreGraphics.framework in Frameworks */,
				9ABED5F71923F8340070BC20 /* UIKit.framework in Frameworks */,
				9ABED5F31923F8340070BC20 /* Foundation.framework in Frameworks */,
			);
			runOnlyForDeploymentPostprocessing = 0;
		};
		9ABED62719240C230070BC20 /* Frameworks */ = {
			isa = PBXFrameworksBuildPhase;
			buildActionMask = 2147483647;
			files = (
				9ABED62B19240C230070BC20 /* XCTest.framework in Frameworks */,
				9ABED62D19240C230070BC20 /* UIKit.framework in Frameworks */,
				9ABED62C19240C230070BC20 /* Foundation.framework in Frameworks */,
			);
			runOnlyForDeploymentPostprocessing = 0;
		};
/* End PBXFrameworksBuildPhase section */

/* Begin PBXGroup section */
		9ABED5E61923F8340070BC20 = {
			isa = PBXGroup;
			children = (
				9ABED5F81923F8340070BC20 /* ContinuousIntegrationAtDevCamp */,
				9ABED62E19240C230070BC20 /* FunctionalTests */,
				9ABED5F11923F8340070BC20 /* Frameworks */,
				9ABED5F01923F8340070BC20 /* Products */,
			);
			sourceTree = "<group>";
		};
		9ABED5F01923F8340070BC20 /* Products */ = {
			isa = PBXGroup;
			children = (
				9ABED5EF1923F8340070BC20 /* ContinuousIntegrationAtDevCamp.app */,
				9ABED62A19240C230070BC20 /* FunctionalTests.xctest */,
			);
			name = Products;
			sourceTree = "<group>";
		};
		9ABED5F11923F8340070BC20 /* Frameworks */ = {
			isa = PBXGroup;
			children = (
				9ABED5F21923F8340070BC20 /* Foundation.framework */,
				9ABED5F41923F8340070BC20 /* CoreGraphics.framework */,
				9ABED5F61923F8340070BC20 /* UIKit.framework */,
				9ABED60B1923F8340070BC20 /* XCTest.framework */,
			);
			name = Frameworks;
			sourceTree = "<group>";
		};
		9ABED5F81923F8340070BC20 /* ContinuousIntegrationAtDevCamp */ = {
			isa = PBXGroup;
			children = (
				9ABED6231923F8620070BC20 /* Storyboards */,
				9ABED6221923F85B0070BC20 /* App Delegates */,
				9ABED6041923F8340070BC20 /* Images.xcassets */,
				9ABED5F91923F8340070BC20 /* Supporting Files */,
			);
			path = ContinuousIntegrationAtDevCamp;
			sourceTree = "<group>";
		};
		9ABED5F91923F8340070BC20 /* Supporting Files */ = {
			isa = PBXGroup;
			children = (
				9ABED5FA1923F8340070BC20 /* ContinuousIntegrationAtDevCamp-Info.plist */,
				9ABED5FB1923F8340070BC20 /* InfoPlist.strings */,
				9ABED5FE1923F8340070BC20 /* main.m */,
				9ABED6001923F8340070BC20 /* ContinuousIntegrationAtDevCamp-Prefix.pch */,
			);
			name = "Supporting Files";
			sourceTree = "<group>";
		};
		9ABED6221923F85B0070BC20 /* App Delegates */ = {
			isa = PBXGroup;
			children = (
				9ABED6011923F8340070BC20 /* AppDelegate.h */,
				9ABED6021923F8340070BC20 /* AppDelegate.m */,
			);
			name = "App Delegates";
			sourceTree = "<group>";
		};
		9ABED6231923F8620070BC20 /* Storyboards */ = {
			isa = PBXGroup;
			children = (
				9ABED6241923F8850070BC20 /* MainStoryboard.storyboard */,
			);
			name = Storyboards;
			sourceTree = "<group>";
		};
		9ABED62E19240C230070BC20 /* FunctionalTests */ = {
			isa = PBXGroup;
			children = (
				9ABED63419240C230070BC20 /* FunctionalTests.m */,
				9ABED62F19240C230070BC20 /* Supporting Files */,
			);
			path = FunctionalTests;
			sourceTree = "<group>";
		};
		9ABED62F19240C230070BC20 /* Supporting Files */ = {
			isa = PBXGroup;
			children = (
				9ABED63019240C230070BC20 /* FunctionalTests-Info.plist */,
				9ABED63119240C230070BC20 /* InfoPlist.strings */,
				9ABED63619240C230070BC20 /* FunctionalTests-Prefix.pch */,
			);
			name = "Supporting Files";
			sourceTree = "<group>";
		};
/* End PBXGroup section */

/* Begin PBXNativeTarget section */
		9ABED5EE1923F8340070BC20 /* ContinuousIntegrationAtDevCamp */ = {
			isa = PBXNativeTarget;
			buildConfigurationList = 9ABED61B1923F8340070BC20 /* Build configuration list for PBXNativeTarget "ContinuousIntegrationAtDevCamp" */;
			buildPhases = (
				9ABED5EB1923F8340070BC20 /* Sources */,
				9ABED5EC1923F8340070BC20 /* Frameworks */,
				9ABED5ED1923F8340070BC20 /* Resources */,
			);
			buildRules = (
			);
			dependencies = (
			);
			name = ContinuousIntegrationAtDevCamp;
			productName = ContinuousIntegrationAtDevCamp;
			productReference = 9ABED5EF1923F8340070BC20 /* ContinuousIntegrationAtDevCamp.app */;
			productType = "com.apple.product-type.application";
		};
		9ABED62919240C230070BC20 /* FunctionalTests */ = {
			isa = PBXNativeTarget;
			buildConfigurationList = 9ABED63919240C230070BC20 /* Build configuration list for PBXNativeTarget "FunctionalTests" */;
			buildPhases = (
				9ABED62619240C230070BC20 /* Sources */,
				9ABED62719240C230070BC20 /* Frameworks */,
				9ABED62819240C230070BC20 /* Resources */,
			);
			buildRules = (
			);
			dependencies = (
				9ABED63819240C230070BC20 /* PBXTargetDependency */,
			);
			name = FunctionalTests;
			productName = FunctionalTests;
			productReference = 9ABED62A19240C230070BC20 /* FunctionalTests.xctest */;
			productType = "com.apple.product-type.bundle.unit-test";
		};
/* End PBXNativeTarget section */

/* Begin PBXProject section */
		9ABED5E71923F8340070BC20 /* Project object */ = {
			isa = PBXProject;
			attributes = {
				LastUpgradeCheck = 0510;
				ORGANIZATIONNAME = DevCamp;
				TargetAttributes = {
					9ABED62919240C230070BC20 = {
						TestTargetID = 9ABED5EE1923F8340070BC20;
					};
				};
			};
			buildConfigurationList = 9ABED5EA1923F8340070BC20 /* Build configuration list for PBXProject "ContinuousIntegrationAtDevCamp" */;
			compatibilityVersion = "Xcode 3.2";
			developmentRegion = English;
			hasScannedForEncodings = 0;
			knownRegions = (
				en,
			);
			mainGroup = 9ABED5E61923F8340070BC20;
			productRefGroup = 9ABED5F01923F8340070BC20 /* Products */;
			projectDirPath = "";
			projectRoot = "";
			targets = (
				9ABED5EE1923F8340070BC20 /* ContinuousIntegrationAtDevCamp */,
				9ABED62919240C230070BC20 /* FunctionalTests */,
			);
		};
/* End PBXProject section */

/* Begin PBXResourcesBuildPhase section */
		9ABED5ED1923F8340070BC20 /* Resources */ = {
			isa = PBXResourcesBuildPhase;
			buildActionMask = 2147483647;
			files = (
				9ABED6251923F8850070BC20 /* MainStoryboard.storyboard in Resources */,
				9ABED5FD1923F8340070BC20 /* InfoPlist.strings in Resources */,
				9ABED6051923F8340070BC20 /* Images.xcassets in Resources */,
			);
			runOnlyForDeploymentPostprocessing = 0;
		};
		9ABED62819240C230070BC20 /* Resources */ = {
			isa = PBXResourcesBuildPhase;
			buildActionMask = 2147483647;
			files = (
				9ABED63319240C230070BC20 /* InfoPlist.strings in Resources */,
			);
			runOnlyForDeploymentPostprocessing = 0;
		};
/* End PBXResourcesBuildPhase section */

/* Begin PBXSourcesBuildPhase section */
		9ABED5EB1923F8340070BC20 /* Sources */ = {
			isa = PBXSourcesBuildPhase;
			buildActionMask = 2147483647;
			files = (
				9ABED6031923F8340070BC20 /* AppDelegate.m in Sources */,
				9ABED5FF1923F8340070BC20 /* main.m in Sources */,
			);
			runOnlyForDeploymentPostprocessing = 0;
		};
		9ABED62619240C230070BC20 /* Sources */ = {
			isa = PBXSourcesBuildPhase;
			buildActionMask = 2147483647;
			files = (
				9ABED63519240C230070BC20 /* FunctionalTests.m in Sources */,
			);
			runOnlyForDeploymentPostprocessing = 0;
		};
/* End PBXSourcesBuildPhase section */

/* Begin PBXTargetDependency section */
		9ABED63819240C230070BC20 /* PBXTargetDependency */ = {
			isa = PBXTargetDependency;
			target = 9ABED5EE1923F8340070BC20 /* ContinuousIntegrationAtDevCamp */;
			targetProxy = 9ABED63719240C230070BC20 /* PBXContainerItemProxy */;
		};
/* End PBXTargetDependency section */

/* Begin PBXVariantGroup section */
		9ABED5FB1923F8340070BC20 /* InfoPlist.strings */ = {
			isa = PBXVariantGroup;
			children = (
				9ABED5FC1923F8340070BC20 /* en */,
			);
			name = InfoPlist.strings;
			sourceTree = "<group>";
		};
		9ABED63119240C230070BC20 /* InfoPlist.strings */ = {
			isa = PBXVariantGroup;
			children = (
				9ABED63219240C230070BC20 /* en */,
			);
			name = InfoPlist.strings;
			sourceTree = "<group>";
		};
/* End PBXVariantGroup section */

/* Begin XCBuildConfiguration section */
		9ABED6191923F8340070BC20 /* Debug */ = {
			isa = XCBuildConfiguration;
			buildSettings = {
				ALWAYS_SEARCH_USER_PATHS = NO;
				CLANG_CXX_LANGUAGE_STANDARD = "gnu++0x";
				CLANG_CXX_LIBRARY = "libc++";
				CLANG_ENABLE_MODULES = YES;
				CLANG_ENABLE_OBJC_ARC = YES;
				CLANG_WARN_BOOL_CONVERSION = YES;
				CLANG_WARN_CONSTANT_CONVERSION = YES;
				CLANG_WARN_DIRECT_OBJC_ISA_USAGE = YES_ERROR;
				CLANG_WARN_EMPTY_BODY = YES;
				CLANG_WARN_ENUM_CONVERSION = YES;
				CLANG_WARN_INT_CONVERSION = YES;
				CLANG_WARN_OBJC_ROOT_CLASS = YES_ERROR;
				CLANG_WARN__DUPLICATE_METHOD_MATCH = YES;
				"CODE_SIGN_IDENTITY[sdk=iphoneos*]" = "iPhone Developer";
				COPY_PHASE_STRIP = NO;
				GCC_C_LANGUAGE_STANDARD = gnu99;
				GCC_DYNAMIC_NO_PIC = NO;
				GCC_OPTIMIZATION_LEVEL = 0;
				GCC_PREPROCESSOR_DEFINITIONS = (
					"DEBUG=1",
					"$(inherited)",
				);
				GCC_SYMBOLS_PRIVATE_EXTERN = NO;
				GCC_WARN_64_TO_32_BIT_CONVERSION = YES;
				GCC_WARN_ABOUT_RETURN_TYPE = YES_ERROR;
				GCC_WARN_UNDECLARED_SELECTOR = YES;
				GCC_WARN_UNINITIALIZED_AUTOS = YES_AGGRESSIVE;
				GCC_WARN_UNUSED_FUNCTION = YES;
				GCC_WARN_UNUSED_VARIABLE = YES;
				IPHONEOS_DEPLOYMENT_TARGET = 7.1;
				ONLY_ACTIVE_ARCH = YES;
				SDKROOT = iphoneos;
			};
			name = Debug;
		};
		9ABED61A1923F8340070BC20 /* Release */ = {
			isa = XCBuildConfiguration;
			buildSettings = {
				ALWAYS_SEARCH_USER_PATHS = NO;
				CLANG_CXX_LANGUAGE_STANDARD = "gnu++0x";
				CLANG_CXX_LIBRARY = "libc++";
				CLANG_ENABLE_MODULES = YES;
				CLANG_ENABLE_OBJC_ARC = YES;
				CLANG_WARN_BOOL_CONVERSION = YES;
				CLANG_WARN_CONSTANT_CONVERSION = YES;
				CLANG_WARN_DIRECT_OBJC_ISA_USAGE = YES_ERROR;
				CLANG_WARN_EMPTY_BODY = YES;
				CLANG_WARN_ENUM_CONVERSION = YES;
				CLANG_WARN_INT_CONVERSION = YES;
				CLANG_WARN_OBJC_ROOT_CLASS = YES_ERROR;
				CLANG_WARN__DUPLICATE_METHOD_MATCH = YES;
				"CODE_SIGN_IDENTITY[sdk=iphoneos*]" = "iPhone Developer";
				COPY_PHASE_STRIP = YES;
				ENABLE_NS_ASSERTIONS = NO;
				GCC_C_LANGUAGE_STANDARD = gnu99;
				GCC_WARN_64_TO_32_BIT_CONVERSION = YES;
				GCC_WARN_ABOUT_RETURN_TYPE = YES_ERROR;
				GCC_WARN_UNDECLARED_SELECTOR = YES;
				GCC_WARN_UNINITIALIZED_AUTOS = YES_AGGRESSIVE;
				GCC_WARN_UNUSED_FUNCTION = YES;
				GCC_WARN_UNUSED_VARIABLE = YES;
				IPHONEOS_DEPLOYMENT_TARGET = 7.1;
				SDKROOT = iphoneos;
				VALIDATE_PRODUCT = YES;
			};
			name = Release;
		};
		9ABED61C1923F8340070BC20 /* Debug */ = {
			isa = XCBuildConfiguration;
			buildSettings = {
				ASSETCATALOG_COMPILER_APPICON_NAME = AppIcon;
				ASSETCATALOG_COMPILER_LAUNCHIMAGE_NAME = LaunchImage;
				GCC_PRECOMPILE_PREFIX_HEADER = YES;
				GCC_PREFIX_HEADER = "ContinuousIntegrationAtDevCamp/ContinuousIntegrationAtDevCamp-Prefix.pch";
				INFOPLIST_FILE = "ContinuousIntegrationAtDevCamp/ContinuousIntegrationAtDevCamp-Info.plist";
				PRODUCT_NAME = "$(TARGET_NAME)";
				WRAPPER_EXTENSION = app;
			};
			name = Debug;
		};
		9ABED61D1923F8340070BC20 /* Release */ = {
			isa = XCBuildConfiguration;
			buildSettings = {
				ASSETCATALOG_COMPILER_APPICON_NAME = AppIcon;
				ASSETCATALOG_COMPILER_LAUNCHIMAGE_NAME = LaunchImage;
				GCC_PRECOMPILE_PREFIX_HEADER = YES;
				GCC_PREFIX_HEADER = "ContinuousIntegrationAtDevCamp/ContinuousIntegrationAtDevCamp-Prefix.pch";
				INFOPLIST_FILE = "ContinuousIntegrationAtDevCamp/ContinuousIntegrationAtDevCamp-Info.plist";
				PRODUCT_NAME = "$(TARGET_NAME)";
				WRAPPER_EXTENSION = app;
			};
			name = Release;
		};
		9ABED63A19240C230070BC20 /* Debug */ = {
			isa = XCBuildConfiguration;
			buildSettings = {
				BUNDLE_LOADER = "$(BUILT_PRODUCTS_DIR)/ContinuousIntegrationAtDevCamp.app/ContinuousIntegrationAtDevCamp";
				FRAMEWORK_SEARCH_PATHS = (
					"$(SDKROOT)/Developer/Library/Frameworks",
					"$(inherited)",
					"$(DEVELOPER_FRAMEWORKS_DIR)",
				);
				GCC_PRECOMPILE_PREFIX_HEADER = YES;
				GCC_PREFIX_HEADER = "FunctionalTests/FunctionalTests-Prefix.pch";
				GCC_PREPROCESSOR_DEFINITIONS = (
					"DEBUG=1",
					"$(inherited)",
				);
				INFOPLIST_FILE = "FunctionalTests/FunctionalTests-Info.plist";
				PRODUCT_NAME = "$(TARGET_NAME)";
				TEST_HOST = "$(BUNDLE_LOADER)";
				WRAPPER_EXTENSION = xctest;
			};
			name = Debug;
		};
		9ABED63B19240C230070BC20 /* Release */ = {
			isa = XCBuildConfiguration;
			buildSettings = {
				BUNDLE_LOADER = "$(BUILT_PRODUCTS_DIR)/ContinuousIntegrationAtDevCamp.app/ContinuousIntegrationAtDevCamp";
				FRAMEWORK_SEARCH_PATHS = (
					"$(SDKROOT)/Developer/Library/Frameworks",
					"$(inherited)",
					"$(DEVELOPER_FRAMEWORKS_DIR)",
				);
				GCC_PRECOMPILE_PREFIX_HEADER = YES;
				GCC_PREFIX_HEADER = "FunctionalTests/FunctionalTests-Prefix.pch";
				INFOPLIST_FILE = "FunctionalTests/FunctionalTests-Info.plist";
				PRODUCT_NAME = "$(TARGET_NAME)";
				TEST_HOST = "$(BUNDLE_LOADER)";
				WRAPPER_EXTENSION = xctest;
			};
			name = Release;
		};
/* End XCBuildConfiguration section */

/* Begin XCConfigurationList section */
		9ABED5EA1923F8340070BC20 /* Build configuration list for PBXProject "ContinuousIntegrationAtDevCamp" */ = {
			isa = XCConfigurationList;
			buildConfigurations = (
				9ABED6191923F8340070BC20 /* Debug */,
				9ABED61A1923F8340070BC20 /* Release */,
			);
			defaultConfigurationIsVisible = 0;
			defaultConfigurationName = Release;
		};
		9ABED61B1923F8340070BC20 /* Build configuration list for PBXNativeTarget "ContinuousIntegrationAtDevCamp" */ = {
			isa = XCConfigurationList;
			buildConfigurations = (
				9ABED61C1923F8340070BC20 /* Debug */,
				9ABED61D1923F8340070BC20 /* Release */,
			);
			defaultConfigurationIsVisible = 0;
		};
		9ABED63919240C230070BC20 /* Build configuration list for PBXNativeTarget "FunctionalTests" */ = {
			isa = XCConfigurationList;
			buildConfigurations = (
				9ABED63A19240C230070BC20 /* Debug */,
				9ABED63B19240C230070BC20 /* Release */,
			);
			defaultConfigurationIsVisible = 0;
		};
/* End XCConfigurationList section */
	};
	rootObject = 9ABED5E71923F8340070BC20 /* Project object */;
}
